
Microsoft Visual Studio Solution File, Format Version 12.00
# Visual Studio 15
VisualStudioVersion = 15.0.27004.2002
MinimumVisualStudioVersion = 10.0.40219.1
Project("{9A19103F-16F7-4668-BE54-9A1E7A4F7556}") = "ZenOh_ActiveRecord", "ZenOh_ActiveRecord\ZenOh_ActiveRecord.csproj", "{D76F09D1-2CCC-4C4D-B276-1E99F2B1974F}"
EndProject
Global
	GlobalSection(SolutionConfigurationPlatforms) = preSolution
		Debug|Any CPU = Debug|Any CPU
		Release|Any CPU = Release|Any CPU
	EndGlobalSection
	GlobalSection(ProjectConfigurationPlatforms) = postSolution
		{D76F09D1-2CCC-4C4D-B276-1E99F2B1974F}.Debug|Any CPU.ActiveCfg = Debug|Any CPU
		{D76F09D1-2CCC-4C4D-B276-1E99F2B1974F}.Debug|Any CPU.Build.0 = Debug|Any CPU
		{D76F09D1-2CCC-4C4D-B276-1E99F2B1974F}.Release|Any CPU.ActiveCfg = Release|Any CPU
		{D76F09D1-2CCC-4C4D-B276-1E99F2B1974F}.Release|Any CPU.Build.0 = Release|Any CPU
	EndGlobalSection
	GlobalSection(SolutionProperties) = preSolution
		HideSolutionNode = FALSE
	EndGlobalSection
	GlobalSection(ExtensibilityGlobals) = postSolution
		SolutionGuid = {51E25D67-AC56-41D8-8CD0-2AD85E1F8A0F}
	EndGlobalSection
EndGlobal
